
Microsoft Visual Studio Solution File, Format Version 12.00
# Visual Studio Version 17
VisualStudioVersion = 17.8.34322.80
MinimumVisualStudioVersion = 10.0.40219.1
Project("{FAE04EC0-301F-11D3-BF4B-00C04F79EFBC}") = "Game_2048_WF", "Game_2048_WF\Game_2048_WF.csproj", "{B796A0D6-19F5-4971-82D6-0B716FF2399D}"
EndProject
Global
	GlobalSection(SolutionConfigurationPlatforms) = preSolution
		Debug|Any CPU = Debug|Any CPU
		Release|Any CPU = Release|Any CPU
	EndGlobalSection
	GlobalSection(ProjectConfigurationPlatforms) = postSolution
		{B796A0D6-19F5-4971-82D6-0B716FF2399D}.Debug|Any CPU.ActiveCfg = Debug|Any CPU
		{B796A0D6-19F5-4971-82D6-0B716FF2399D}.Debug|Any CPU.Build.0 = Debug|Any CPU
		{B796A0D6-19F5-4971-82D6-0B716FF2399D}.Release|Any CPU.ActiveCfg = Release|Any CPU
		{B796A0D6-19F5-4971-82D6-0B716FF2399D}.Release|Any CPU.Build.0 = Release|Any CPU
	EndGlobalSection
	GlobalSection(SolutionProperties) = preSolution
		HideSolutionNode = FALSE
	EndGlobalSection
	GlobalSection(ExtensibilityGlobals) = postSolution
		SolutionGuid = {CE718295-45D5-4874-BD80-3470777FC306}
	EndGlobalSection
EndGlobal
